
Microsoft Visual Studio Solution File, Format Version 12.00
# Visual Studio Version 17
VisualStudioVersion = 17.13.35825.156 d17.13
MinimumVisualStudioVersion = 10.0.40219.1
Project("{FAE04EC0-301F-11D3-BF4B-00C04F79EFBC}") = "expenses tracker", "expenses tracker\expenses tracker.csproj", "{42DB76EE-8556-492C-A90E-D002587C251D}"
EndProject
Global
	GlobalSection(SolutionConfigurationPlatforms) = preSolution
		Debug|Any CPU = Debug|Any CPU
		Release|Any CPU = Release|Any CPU
	EndGlobalSection
	GlobalSection(ProjectConfigurationPlatforms) = postSolution
		{42DB76EE-8556-492C-A90E-D002587C251D}.Debug|Any CPU.ActiveCfg = Debug|Any CPU
		{42DB76EE-8556-492C-A90E-D002587C251D}.Debug|Any CPU.Build.0 = Debug|Any CPU
		{42DB76EE-8556-492C-A90E-D002587C251D}.Release|Any CPU.ActiveCfg = Release|Any CPU
		{42DB76EE-8556-492C-A90E-D002587C251D}.Release|Any CPU.Build.0 = Release|Any CPU
	EndGlobalSection
	GlobalSection(SolutionProperties) = preSolution
		HideSolutionNode = FALSE
	EndGlobalSection
	GlobalSection(ExtensibilityGlobals) = postSolution
		SolutionGuid = {1D567A1C-1B94-4EAD-9CD9-73DBBC4D59CF}
	EndGlobalSection
EndGlobal
